
Microsoft Visual Studio Solution File, Format Version 12.00
# Visual Studio Version 16
VisualStudioVersion = 16.0.31402.337
MinimumVisualStudioVersion = 10.0.40219.1
Project("{FAE04EC0-301F-11D3-BF4B-00C04F79EFBC}") = "Misc", "Misc\Misc.csproj", "{0FE79E62-38DC-476C-A5EC-81F7E028FCD4}"
EndProject
Global
	GlobalSection(SolutionConfigurationPlatforms) = preSolution
		Debug|Any CPU = Debug|Any CPU
		Release|Any CPU = Release|Any CPU
	EndGlobalSection
	GlobalSection(ProjectConfigurationPlatforms) = postSolution
		{0FE79E62-38DC-476C-A5EC-81F7E028FCD4}.Debug|Any CPU.ActiveCfg = Debug|Any CPU
		{0FE79E62-38DC-476C-A5EC-81F7E028FCD4}.Debug|Any CPU.Build.0 = Debug|Any CPU
		{0FE79E62-38DC-476C-A5EC-81F7E028FCD4}.Release|Any CPU.ActiveCfg = Release|Any CPU
		{0FE79E62-38DC-476C-A5EC-81F7E028FCD4}.Release|Any CPU.Build.0 = Release|Any CPU
	EndGlobalSection
	GlobalSection(SolutionProperties) = preSolution
		HideSolutionNode = FALSE
	EndGlobalSection
	GlobalSection(ExtensibilityGlobals) = postSolution
		SolutionGuid = {0EBEF6F7-DF70-46D4-AA61-25157E2C9369}
	EndGlobalSection
EndGlobal
