
Microsoft Visual Studio Solution File, Format Version 12.00
# Visual Studio Version 16
VisualStudioVersion = 16.0.31402.337
MinimumVisualStudioVersion = 10.0.40219.1
Project("{FAE04EC0-301F-11D3-BF4B-00C04F79EFBC}") = "FuncProcs", "FuncProcs\FuncProcs.csproj", "{FCE4C33B-CE59-4C5B-86D8-6493605E0CB7}"
EndProject
Global
	GlobalSection(SolutionConfigurationPlatforms) = preSolution
		Debug|Any CPU = Debug|Any CPU
		Release|Any CPU = Release|Any CPU
	EndGlobalSection
	GlobalSection(ProjectConfigurationPlatforms) = postSolution
		{FCE4C33B-CE59-4C5B-86D8-6493605E0CB7}.Debug|Any CPU.ActiveCfg = Debug|Any CPU
		{FCE4C33B-CE59-4C5B-86D8-6493605E0CB7}.Debug|Any CPU.Build.0 = Debug|Any CPU
		{FCE4C33B-CE59-4C5B-86D8-6493605E0CB7}.Release|Any CPU.ActiveCfg = Release|Any CPU
		{FCE4C33B-CE59-4C5B-86D8-6493605E0CB7}.Release|Any CPU.Build.0 = Release|Any CPU
	EndGlobalSection
	GlobalSection(SolutionProperties) = preSolution
		HideSolutionNode = FALSE
	EndGlobalSection
	GlobalSection(ExtensibilityGlobals) = postSolution
		SolutionGuid = {B93AF8BF-9803-4066-A765-E3ACEE288C4D}
	EndGlobalSection
EndGlobal
