
Microsoft Visual Studio Solution File, Format Version 12.00
# Visual Studio Version 16
VisualStudioVersion = 16.0.31402.337
MinimumVisualStudioVersion = 10.0.40219.1
Project("{FAE04EC0-301F-11D3-BF4B-00C04F79EFBC}") = "EigenTypes", "EigenTypes\EigenTypes.csproj", "{345213DA-95AF-4A1C-AD61-5E73FF615384}"
EndProject
Project("{FAE04EC0-301F-11D3-BF4B-00C04F79EFBC}") = "PennenFabriek", "PennenFabriek\PennenFabriek.csproj", "{114EF2BA-E1AC-4F6D-80E4-8D3EDB2B0AA1}"
EndProject
Global
	GlobalSection(SolutionConfigurationPlatforms) = preSolution
		Debug|Any CPU = Debug|Any CPU
		Release|Any CPU = Release|Any CPU
	EndGlobalSection
	GlobalSection(ProjectConfigurationPlatforms) = postSolution
		{345213DA-95AF-4A1C-AD61-5E73FF615384}.Debug|Any CPU.ActiveCfg = Debug|Any CPU
		{345213DA-95AF-4A1C-AD61-5E73FF615384}.Debug|Any CPU.Build.0 = Debug|Any CPU
		{345213DA-95AF-4A1C-AD61-5E73FF615384}.Release|Any CPU.ActiveCfg = Release|Any CPU
		{345213DA-95AF-4A1C-AD61-5E73FF615384}.Release|Any CPU.Build.0 = Release|Any CPU
		{114EF2BA-E1AC-4F6D-80E4-8D3EDB2B0AA1}.Debug|Any CPU.ActiveCfg = Debug|Any CPU
		{114EF2BA-E1AC-4F6D-80E4-8D3EDB2B0AA1}.Debug|Any CPU.Build.0 = Debug|Any CPU
		{114EF2BA-E1AC-4F6D-80E4-8D3EDB2B0AA1}.Release|Any CPU.ActiveCfg = Release|Any CPU
		{114EF2BA-E1AC-4F6D-80E4-8D3EDB2B0AA1}.Release|Any CPU.Build.0 = Release|Any CPU
	EndGlobalSection
	GlobalSection(SolutionProperties) = preSolution
		HideSolutionNode = FALSE
	EndGlobalSection
	GlobalSection(ExtensibilityGlobals) = postSolution
		SolutionGuid = {50EFE365-ACF8-4C88-8C1C-FC8640B27F13}
	EndGlobalSection
EndGlobal
